{
  "requires": true,
  "lockfileVersion": 1,
  "dependencies": {
    "zingchart": {
      "version": "2.9.2",
      "resolved": "https://registry.npmjs.org/zingchart/-/zingchart-2.9.2.tgz",
      "integrity": "sha512-IjPLnRExUgrIGnlaw6rsAzWCX4qjuOCmwXRTwtLjAesmHNK9lQMdbA3sDtzflCog1zDUfnV6OeDu1daGHMbcpw=="
    },
    "zingchart-constants": {
      "version": "github:zingchart/zingchart-constants#e49406c250338a3243e5a277aef7fb48f2e872ee",
      "from": "github:zingchart/zingchart-constants#master"
    },
    "zingchart-vue": {
      "version": "2.0.3",
      "resolved": "https://registry.npmjs.org/zingchart-vue/-/zingchart-vue-2.0.3.tgz",
      "integrity": "sha512-uDqlzy8Hbp05hdAtJtjzTRsl/jU4a+jVuXCy4evQQ9biYaXAVbeAHaBD0lgwHQKz/w6PfY3dWJZSGFGITqZ+AQ==",
      "requires": {
        "zingchart": "^2.9.2",
        "zingchart-constants": "github:zingchart/zingchart-constants#master"
      },
      "dependencies": {
        "zingchart": {
          "version": "2.9.2",
          "resolved": "https://registry.npmjs.org/zingchart/-/zingchart-2.9.2.tgz",
          "integrity": "sha512-IjPLnRExUgrIGnlaw6rsAzWCX4qjuOCmwXRTwtLjAesmHNK9lQMdbA3sDtzflCog1zDUfnV6OeDu1daGHMbcpw=="
        }
      }
    }
  }
}
